
Microsoft Visual Studio Solution File, Format Version 12.00
# Visual Studio Version 17
VisualStudioVersion = 17.9.34728.123
MinimumVisualStudioVersion = 10.0.40219.1
Project("{FAE04EC0-301F-11D3-BF4B-00C04F79EFBC}") = "FSA-Simulator", "THL_Project\FSA-Simulator.csproj", "{DEBDB910-0D58-47B8-915F-A5378D76B572}"
EndProject
Global
	GlobalSection(SolutionConfigurationPlatforms) = preSolution
		Debug|Any CPU = Debug|Any CPU
		Release|Any CPU = Release|Any CPU
	EndGlobalSection
	GlobalSection(ProjectConfigurationPlatforms) = postSolution
		{DEBDB910-0D58-47B8-915F-A5378D76B572}.Debug|Any CPU.ActiveCfg = Debug|Any CPU
		{DEBDB910-0D58-47B8-915F-A5378D76B572}.Debug|Any CPU.Build.0 = Debug|Any CPU
		{DEBDB910-0D58-47B8-915F-A5378D76B572}.Release|Any CPU.ActiveCfg = Release|Any CPU
		{DEBDB910-0D58-47B8-915F-A5378D76B572}.Release|Any CPU.Build.0 = Release|Any CPU
	EndGlobalSection
	GlobalSection(SolutionProperties) = preSolution
		HideSolutionNode = FALSE
	EndGlobalSection
	GlobalSection(ExtensibilityGlobals) = postSolution
		SolutionGuid = {2BFB8ED5-0599-4EF0-8D1C-83D021F7FC52}
	EndGlobalSection
EndGlobal
